// !$*UTF8*$!
{
	archiveVersion = 1;
	classes = {
	};
	objectVersion = 55;
	objects = {

/* Begin PBXBuildFile section */
		322E632E28C332F40014B3A1 /* article.swift in Sources */ = {isa = PBXBuildFile; fileRef = 322E632D28C332F40014B3A1 /* article.swift */; };
		3288B03F28C4BE0A00C67668 /* ArticleDetail.swift in Sources */ = {isa = PBXBuildFile; fileRef = 3288B03E28C4BE0A00C67668 /* ArticleDetail.swift */; };
		3288B04028C4BE0A00C67668 /* ArticleDetail.swift in Sources */ = {isa = PBXBuildFile; fileRef = 3288B03E28C4BE0A00C67668 /* ArticleDetail.swift */; };
		3288B04228CDBD8B00C67668 /* HomeViewPresenter.swift in Sources */ = {isa = PBXBuildFile; fileRef = 3288B04128CDBD8B00C67668 /* HomeViewPresenter.swift */; };
		3288B04328CDBD8B00C67668 /* HomeViewPresenter.swift in Sources */ = {isa = PBXBuildFile; fileRef = 3288B04128CDBD8B00C67668 /* HomeViewPresenter.swift */; };
		3288CD9828B9BE98007E969D /* Tests_iOS.swift in Sources */ = {isa = PBXBuildFile; fileRef = 3288CD9728B9BE98007E969D /* Tests_iOS.swift */; };
		3288CD9A28B9BE98007E969D /* Tests_iOSLaunchTests.swift in Sources */ = {isa = PBXBuildFile; fileRef = 3288CD9928B9BE98007E969D /* Tests_iOSLaunchTests.swift */; };
		3288CDA428B9BE98007E969D /* Tests_macOS.swift in Sources */ = {isa = PBXBuildFile; fileRef = 3288CDA328B9BE98007E969D /* Tests_macOS.swift */; };
		3288CDA628B9BE98007E969D /* Tests_macOSLaunchTests.swift in Sources */ = {isa = PBXBuildFile; fileRef = 3288CDA528B9BE98007E969D /* Tests_macOSLaunchTests.swift */; };
		3288CDA728B9BE98007E969D /* techArticles_iOSApp.swift in Sources */ = {isa = PBXBuildFile; fileRef = 3288CD7F28B9BE95007E969D /* techArticles_iOSApp.swift */; };
		3288CDA828B9BE98007E969D /* techArticles_iOSApp.swift in Sources */ = {isa = PBXBuildFile; fileRef = 3288CD7F28B9BE95007E969D /* techArticles_iOSApp.swift */; };
		3288CDA928B9BE98007E969D /* HomeView.swift in Sources */ = {isa = PBXBuildFile; fileRef = 3288CD8028B9BE95007E969D /* HomeView.swift */; };
		3288CDAA28B9BE98007E969D /* HomeView.swift in Sources */ = {isa = PBXBuildFile; fileRef = 3288CD8028B9BE95007E969D /* HomeView.swift */; };
		3288CDAB28B9BE98007E969D /* Assets.xcassets in Resources */ = {isa = PBXBuildFile; fileRef = 3288CD8128B9BE98007E969D /* Assets.xcassets */; };
		3288CDAC28B9BE98007E969D /* Assets.xcassets in Resources */ = {isa = PBXBuildFile; fileRef = 3288CD8128B9BE98007E969D /* Assets.xcassets */; };
/* End PBXBuildFile section */

/* Begin PBXContainerItemProxy section */
		3288CD9428B9BE98007E969D /* PBXContainerItemProxy */ = {
			isa = PBXContainerItemProxy;
			containerPortal = 3288CD7A28B9BE94007E969D /* Project object */;
			proxyType = 1;
			remoteGlobalIDString = 3288CD8528B9BE98007E969D;
			remoteInfo = "techArticles-iOS (iOS)";
		};
		3288CDA028B9BE98007E969D /* PBXContainerItemProxy */ = {
			isa = PBXContainerItemProxy;
			containerPortal = 3288CD7A28B9BE94007E969D /* Project object */;
			proxyType = 1;
			remoteGlobalIDString = 3288CD8B28B9BE98007E969D;
			remoteInfo = "techArticles-iOS (macOS)";
		};
/* End PBXContainerItemProxy section */

/* Begin PBXFileReference section */
		322E632D28C332F40014B3A1 /* article.swift */ = {isa = PBXFileReference; lastKnownFileType = sourcecode.swift; path = article.swift; sourceTree = "<group>"; };
		3288B03E28C4BE0A00C67668 /* ArticleDetail.swift */ = {isa = PBXFileReference; lastKnownFileType = sourcecode.swift; path = ArticleDetail.swift; sourceTree = "<group>"; };
		3288B04128CDBD8B00C67668 /* HomeViewPresenter.swift */ = {isa = PBXFileReference; lastKnownFileType = sourcecode.swift; path = HomeViewPresenter.swift; sourceTree = "<group>"; };
		3288CD7F28B9BE95007E969D /* techArticles_iOSApp.swift */ = {isa = PBXFileReference; lastKnownFileType = sourcecode.swift; path = techArticles_iOSApp.swift; sourceTree = "<group>"; };
		3288CD8028B9BE95007E969D /* HomeView.swift */ = {isa = PBXFileReference; lastKnownFileType = sourcecode.swift; path = HomeView.swift; sourceTree = "<group>"; };
		3288CD8128B9BE98007E969D /* Assets.xcassets */ = {isa = PBXFileReference; lastKnownFileType = folder.assetcatalog; path = Assets.xcassets; sourceTree = "<group>"; };
		3288CD8628B9BE98007E969D /* techArticles-iOS.app */ = {isa = PBXFileReference; explicitFileType = wrapper.application; includeInIndex = 0; path = "techArticles-iOS.app"; sourceTree = BUILT_PRODUCTS_DIR; };
		3288CD8C28B9BE98007E969D /* techArticles-iOS.app */ = {isa = PBXFileReference; explicitFileType = wrapper.application; includeInIndex = 0; path = "techArticles-iOS.app"; sourceTree = BUILT_PRODUCTS_DIR; };
		3288CD8E28B9BE98007E969D /* macOS.entitlements */ = {isa = PBXFileReference; lastKnownFileType = text.plist.entitlements; path = macOS.entitlements; sourceTree = "<group>"; };
		3288CD9328B9BE98007E969D /* Tests iOS.xctest */ = {isa = PBXFileReference; explicitFileType = wrapper.cfbundle; includeInIndex = 0; path = "Tests iOS.xctest"; sourceTree = BUILT_PRODUCTS_DIR; };
		3288CD9728B9BE98007E969D /* Tests_iOS.swift */ = {isa = PBXFileReference; lastKnownFileType = sourcecode.swift; path = Tests_iOS.swift; sourceTree = "<group>"; };
		3288CD9928B9BE98007E969D /* Tests_iOSLaunchTests.swift */ = {isa = PBXFileReference; lastKnownFileType = sourcecode.swift; path = Tests_iOSLaunchTests.swift; sourceTree = "<group>"; };
		3288CD9F28B9BE98007E969D /* Tests macOS.xctest */ = {isa = PBXFileReference; explicitFileType = wrapper.cfbundle; includeInIndex = 0; path = "Tests macOS.xctest"; sourceTree = BUILT_PRODUCTS_DIR; };
		3288CDA328B9BE98007E969D /* Tests_macOS.swift */ = {isa = PBXFileReference; lastKnownFileType = sourcecode.swift; path = Tests_macOS.swift; sourceTree = "<group>"; };
		3288CDA528B9BE98007E969D /* Tests_macOSLaunchTests.swift */ = {isa = PBXFileReference; lastKnownFileType = sourcecode.swift; path = Tests_macOSLaunchTests.swift; sourceTree = "<group>"; };
/* End PBXFileReference section */

/* Begin PBXFrameworksBuildPhase section */
		3288CD8328B9BE98007E969D /* Frameworks */ = {
			isa = PBXFrameworksBuildPhase;
			buildActionMask = 2147483647;
			files = (
			);
			runOnlyForDeploymentPostprocessing = 0;
		};
		3288CD8928B9BE98007E969D /* Frameworks */ = {
			isa = PBXFrameworksBuildPhase;
			buildActionMask = 2147483647;
			files = (
			);
			runOnlyForDeploymentPostprocessing = 0;
		};
		3288CD9028B9BE98007E969D /* Frameworks */ = {
			isa = PBXFrameworksBuildPhase;
			buildActionMask = 2147483647;
			files = (
			);
			runOnlyForDeploymentPostprocessing = 0;
		};
		3288CD9C28B9BE98007E969D /* Frameworks */ = {
			isa = PBXFrameworksBuildPhase;
			buildActionMask = 2147483647;
			files = (
			);
			runOnlyForDeploymentPostprocessing = 0;
		};
/* End PBXFrameworksBuildPhase section */

/* Begin PBXGroup section */
		322E632C28C332C70014B3A1 /* Models */ = {
			isa = PBXGroup;
			children = (
				322E632D28C332F40014B3A1 /* article.swift */,
			);
			path = Models;
			sourceTree = "<group>";
		};
		3288CD7928B9BE94007E969D = {
			isa = PBXGroup;
			children = (
				322E632C28C332C70014B3A1 /* Models */,
				3288CD7E28B9BE95007E969D /* Shared */,
				3288CD8D28B9BE98007E969D /* macOS */,
				3288CD9628B9BE98007E969D /* Tests iOS */,
				3288CDA228B9BE98007E969D /* Tests macOS */,
				3288CD8728B9BE98007E969D /* Products */,
			);
			sourceTree = "<group>";
		};
		3288CD7E28B9BE95007E969D /* Shared */ = {
			isa = PBXGroup;
			children = (
				3288CD7F28B9BE95007E969D /* techArticles_iOSApp.swift */,
				3288CD8028B9BE95007E969D /* HomeView.swift */,
				3288B03E28C4BE0A00C67668 /* ArticleDetail.swift */,
				3288CD8128B9BE98007E969D /* Assets.xcassets */,
				3288B04128CDBD8B00C67668 /* HomeViewPresenter.swift */,
			);
			path = Shared;
			sourceTree = "<group>";
		};
		3288CD8728B9BE98007E969D /* Products */ = {
			isa = PBXGroup;
			children = (
				3288CD8628B9BE98007E969D /* techArticles-iOS.app */,
				3288CD8C28B9BE98007E969D /* techArticles-iOS.app */,
				3288CD9328B9BE98007E969D /* Tests iOS.xctest */,
				3288CD9F28B9BE98007E969D /* Tests macOS.xctest */,
			);
			name = Products;
			sourceTree = "<group>";
		};
		3288CD8D28B9BE98007E969D /* macOS */ = {
			isa = PBXGroup;
			children = (
				3288CD8E28B9BE98007E969D /* macOS.entitlements */,
			);
			path = macOS;
			sourceTree = "<group>";
		};
		3288CD9628B9BE98007E969D /* Tests iOS */ = {
			isa = PBXGroup;
			children = (
				3288CD9728B9BE98007E969D /* Tests_iOS.swift */,
				3288CD9928B9BE98007E969D /* Tests_iOSLaunchTests.swift */,
			);
			path = "Tests iOS";
			sourceTree = "<group>";
		};
		3288CDA228B9BE98007E969D /* Tests macOS */ = {
			isa = PBXGroup;
			children = (
				3288CDA328B9BE98007E969D /* Tests_macOS.swift */,
				3288CDA528B9BE98007E969D /* Tests_macOSLaunchTests.swift */,
			);
			path = "Tests macOS";
			sourceTree = "<group>";
		};
/* End PBXGroup section */

/* Begin PBXNativeTarget section */
		3288CD8528B9BE98007E969D /* techArticles-iOS (iOS) */ = {
			isa = PBXNativeTarget;
			buildConfigurationList = 3288CDAF28B9BE98007E969D /* Build configuration list for PBXNativeTarget "techArticles-iOS (iOS)" */;
			buildPhases = (
				3288CD8228B9BE98007E969D /* Sources */,
				3288CD8328B9BE98007E969D /* Frameworks */,
				3288CD8428B9BE98007E969D /* Resources */,
			);
			buildRules = (
			);
			dependencies = (
			);
			name = "techArticles-iOS (iOS)";
			productName = "techArticles-iOS (iOS)";
			productReference = 3288CD8628B9BE98007E969D /* techArticles-iOS.app */;
			productType = "com.apple.product-type.application";
		};
		3288CD8B28B9BE98007E969D /* techArticles-iOS (macOS) */ = {
			isa = PBXNativeTarget;
			buildConfigurationList = 3288CDB228B9BE98007E969D /* Build configuration list for PBXNativeTarget "techArticles-iOS (macOS)" */;
			buildPhases = (
				3288CD8828B9BE98007E969D /* Sources */,
				3288CD8928B9BE98007E969D /* Frameworks */,
				3288CD8A28B9BE98007E969D /* Resources */,
			);
			buildRules = (
			);
			dependencies = (
			);
			name = "techArticles-iOS (macOS)";
			productName = "techArticles-iOS (macOS)";
			productReference = 3288CD8C28B9BE98007E969D /* techArticles-iOS.app */;
			productType = "com.apple.product-type.application";
		};
		3288CD9228B9BE98007E969D /* Tests iOS */ = {
			isa = PBXNativeTarget;
			buildConfigurationList = 3288CDB528B9BE98007E969D /* Build configuration list for PBXNativeTarget "Tests iOS" */;
			buildPhases = (
				3288CD8F28B9BE98007E969D /* Sources */,
				3288CD9028B9BE98007E969D /* Frameworks */,
				3288CD9128B9BE98007E969D /* Resources */,
			);
			buildRules = (
			);
			dependencies = (
				3288CD9528B9BE98007E969D /* PBXTargetDependency */,
			);
			name = "Tests iOS";
			productName = "Tests iOS";
			productReference = 3288CD9328B9BE98007E969D /* Tests iOS.xctest */;
			productType = "com.apple.product-type.bundle.ui-testing";
		};
		3288CD9E28B9BE98007E969D /* Tests macOS */ = {
			isa = PBXNativeTarget;
			buildConfigurationList = 3288CDB828B9BE98007E969D /* Build configuration list for PBXNativeTarget "Tests macOS" */;
			buildPhases = (
				3288CD9B28B9BE98007E969D /* Sources */,
				3288CD9C28B9BE98007E969D /* Frameworks */,
				3288CD9D28B9BE98007E969D /* Resources */,
			);
			buildRules = (
			);
			dependencies = (
				3288CDA128B9BE98007E969D /* PBXTargetDependency */,
			);
			name = "Tests macOS";
			productName = "Tests macOS";
			productReference = 3288CD9F28B9BE98007E969D /* Tests macOS.xctest */;
			productType = "com.apple.product-type.bundle.ui-testing";
		};
/* End PBXNativeTarget section */

/* Begin PBXProject section */
		3288CD7A28B9BE94007E969D /* Project object */ = {
			isa = PBXProject;
			attributes = {
				BuildIndependentTargetsInParallel = 1;
				LastSwiftUpdateCheck = 1340;
				LastUpgradeCheck = 1340;
				TargetAttributes = {
					3288CD8528B9BE98007E969D = {
						CreatedOnToolsVersion = 13.4;
					};
					3288CD8B28B9BE98007E969D = {
						CreatedOnToolsVersion = 13.4;
					};
					3288CD9228B9BE98007E969D = {
						CreatedOnToolsVersion = 13.4;
						TestTargetID = 3288CD8528B9BE98007E969D;
					};
					3288CD9E28B9BE98007E969D = {
						CreatedOnToolsVersion = 13.4;
						TestTargetID = 3288CD8B28B9BE98007E969D;
					};
				};
			};
			buildConfigurationList = 3288CD7D28B9BE94007E969D /* Build configuration list for PBXProject "techArticles-iOS" */;
			compatibilityVersion = "Xcode 13.0";
			developmentRegion = en;
			hasScannedForEncodings = 0;
			knownRegions = (
				en,
				Base,
			);
			mainGroup = 3288CD7928B9BE94007E969D;
			productRefGroup = 3288CD8728B9BE98007E969D /* Products */;
			projectDirPath = "";
			projectRoot = "";
			targets = (
				3288CD8528B9BE98007E969D /* techArticles-iOS (iOS) */,
				3288CD8B28B9BE98007E969D /* techArticles-iOS (macOS) */,
				3288CD9228B9BE98007E969D /* Tests iOS */,
				3288CD9E28B9BE98007E969D /* Tests macOS */,
			);
		};
/* End PBXProject section */

/* Begin PBXResourcesBuildPhase section */
		3288CD8428B9BE98007E969D /* Resources */ = {
			isa = PBXResourcesBuildPhase;
			buildActionMask = 2147483647;
			files = (
				3288CDAB28B9BE98007E969D /* Assets.xcassets in Resources */,
			);
			runOnlyForDeploymentPostprocessing = 0;
		};
		3288CD8A28B9BE98007E969D /* Resources */ = {
			isa = PBXResourcesBuildPhase;
			buildActionMask = 2147483647;
			files = (
				3288CDAC28B9BE98007E969D /* Assets.xcassets in Resources */,
			);
			runOnlyForDeploymentPostprocessing = 0;
		};
		3288CD9128B9BE98007E969D /* Resources */ = {
			isa = PBXResourcesBuildPhase;
			buildActionMask = 2147483647;
			files = (
			);
			runOnlyForDeploymentPostprocessing = 0;
		};
		3288CD9D28B9BE98007E969D /* Resources */ = {
			isa = PBXResourcesBuildPhase;
			buildActionMask = 2147483647;
			files = (
			);
			runOnlyForDeploymentPostprocessing = 0;
		};
/* End PBXResourcesBuildPhase section */

/* Begin PBXSourcesBuildPhase section */
		3288CD8228B9BE98007E969D /* Sources */ = {
			isa = PBXSourcesBuildPhase;
			buildActionMask = 2147483647;
			files = (
				3288CDA928B9BE98007E969D /* HomeView.swift in Sources */,
				3288B03F28C4BE0A00C67668 /* ArticleDetail.swift in Sources */,
				322E632E28C332F40014B3A1 /* article.swift in Sources */,
				3288CDA728B9BE98007E969D /* techArticles_iOSApp.swift in Sources */,
				3288B04228CDBD8B00C67668 /* HomeViewPresenter.swift in Sources */,
			);
			runOnlyForDeploymentPostprocessing = 0;
		};
		3288CD8828B9BE98007E969D /* Sources */ = {
			isa = PBXSourcesBuildPhase;
			buildActionMask = 2147483647;
			files = (
				3288B04028C4BE0A00C67668 /* ArticleDetail.swift in Sources */,
				3288CDAA28B9BE98007E969D /* HomeView.swift in Sources */,
				3288B04328CDBD8B00C67668 /* HomeViewPresenter.swift in Sources */,
				3288CDA828B9BE98007E969D /* techArticles_iOSApp.swift in Sources */,
			);
			runOnlyForDeploymentPostprocessing = 0;
		};
		3288CD8F28B9BE98007E969D /* Sources */ = {
			isa = PBXSourcesBuildPhase;
			buildActionMask = 2147483647;
			files = (
				3288CD9A28B9BE98007E969D /* Tests_iOSLaunchTests.swift in Sources */,
				3288CD9828B9BE98007E969D /* Tests_iOS.swift in Sources */,
			);
			runOnlyForDeploymentPostprocessing = 0;
		};
		3288CD9B28B9BE98007E969D /* Sources */ = {
			isa = PBXSourcesBuildPhase;
			buildActionMask = 2147483647;
			files = (
				3288CDA628B9BE98007E969D /* Tests_macOSLaunchTests.swift in Sources */,
				3288CDA428B9BE98007E969D /* Tests_macOS.swift in Sources */,
			);
			runOnlyForDeploymentPostprocessing = 0;
		};
/* End PBXSourcesBuildPhase section */

/* Begin PBXTargetDependency section */
		3288CD9528B9BE98007E969D /* PBXTargetDependency */ = {
			isa = PBXTargetDependency;
			target = 3288CD8528B9BE98007E969D /* techArticles-iOS (iOS) */;
			targetProxy = 3288CD9428B9BE98007E969D /* PBXContainerItemProxy */;
		};
		3288CDA128B9BE98007E969D /* PBXTargetDependency */ = {
			isa = PBXTargetDependency;
			target = 3288CD8B28B9BE98007E969D /* techArticles-iOS (macOS) */;
			targetProxy = 3288CDA028B9BE98007E969D /* PBXContainerItemProxy */;
		};
/* End PBXTargetDependency section */

/* Begin XCBuildConfiguration section */
		3288CDAD28B9BE98007E969D /* Debug */ = {
			isa = XCBuildConfiguration;
			buildSettings = {
				ALWAYS_SEARCH_USER_PATHS = NO;
				CLANG_ANALYZER_NONNULL = YES;
				CLANG_ANALYZER_NUMBER_OBJECT_CONVERSION = YES_AGGRESSIVE;
				CLANG_CXX_LANGUAGE_STANDARD = "gnu++17";
				CLANG_ENABLE_MODULES = YES;
				CLANG_ENABLE_OBJC_ARC = YES;
				CLANG_ENABLE_OBJC_WEAK = YES;
				CLANG_WARN_BLOCK_CAPTURE_AUTORELEASING = YES;
				CLANG_WARN_BOOL_CONVERSION = YES;
				CLANG_WARN_COMMA = YES;
				CLANG_WARN_CONSTANT_CONVERSION = YES;
				CLANG_WARN_DEPRECATED_OBJC_IMPLEMENTATIONS = YES;
				CLANG_WARN_DIRECT_OBJC_ISA_USAGE = YES_ERROR;
				CLANG_WARN_DOCUMENTATION_COMMENTS = YES;
				CLANG_WARN_EMPTY_BODY = YES;
				CLANG_WARN_ENUM_CONVERSION = YES;
				CLANG_WARN_INFINITE_RECURSION = YES;
				CLANG_WARN_INT_CONVERSION = YES;
				CLANG_WARN_NON_LITERAL_NULL_CONVERSION = YES;
				CLANG_WARN_OBJC_IMPLICIT_RETAIN_SELF = YES;
				CLANG_WARN_OBJC_LITERAL_CONVERSION = YES;
				CLANG_WARN_OBJC_ROOT_CLASS = YES_ERROR;
				CLANG_WARN_QUOTED_INCLUDE_IN_FRAMEWORK_HEADER = YES;
				CLANG_WARN_RANGE_LOOP_ANALYSIS = YES;
				CLANG_WARN_STRICT_PROTOTYPES = YES;
				CLANG_WARN_SUSPICIOUS_MOVE = YES;
				CLANG_WARN_UNGUARDED_AVAILABILITY = YES_AGGRESSIVE;
				CLANG_WARN_UNREACHABLE_CODE = YES;
				CLANG_WARN__DUPLICATE_METHOD_MATCH = YES;
				COPY_PHASE_STRIP = NO;
				DEBUG_INFORMATION_FORMAT = dwarf;
				ENABLE_STRICT_OBJC_MSGSEND = YES;
				ENABLE_TESTABILITY = YES;
				GCC_C_LANGUAGE_STANDARD = gnu11;
				GCC_DYNAMIC_NO_PIC = NO;
				GCC_NO_COMMON_BLOCKS = YES;
				GCC_OPTIMIZATION_LEVEL = 0;
				GCC_PREPROCESSOR_DEFINITIONS = (
					"DEBUG=1",
					"$(inherited)",
				);
				GCC_WARN_64_TO_32_BIT_CONVERSION = YES;
				GCC_WARN_ABOUT_RETURN_TYPE = YES_ERROR;
				GCC_WARN_UNDECLARED_SELECTOR = YES;
				GCC_WARN_UNINITIALIZED_AUTOS = YES_AGGRESSIVE;
				GCC_WARN_UNUSED_FUNCTION = YES;
				GCC_WARN_UNUSED_VARIABLE = YES;
				MTL_ENABLE_DEBUG_INFO = INCLUDE_SOURCE;
				MTL_FAST_MATH = YES;
				ONLY_ACTIVE_ARCH = YES;
				SWIFT_ACTIVE_COMPILATION_CONDITIONS = DEBUG;
				SWIFT_OPTIMIZATION_LEVEL = "-Onone";
			};
			name = Debug;
		};
		3288CDAE28B9BE98007E969D /* Release */ = {
			isa = XCBuildConfiguration;
			buildSettings = {
				ALWAYS_SEARCH_USER_PATHS = NO;
				CLANG_ANALYZER_NONNULL = YES;
				CLANG_ANALYZER_NUMBER_OBJECT_CONVERSION = YES_AGGRESSIVE;
				CLANG_CXX_LANGUAGE_STANDARD = "gnu++17";
				CLANG_ENABLE_MODULES = YES;
				CLANG_ENABLE_OBJC_ARC = YES;
				CLANG_ENABLE_OBJC_WEAK = YES;
				CLANG_WARN_BLOCK_CAPTURE_AUTORELEASING = YES;
				CLANG_WARN_BOOL_CONVERSION = YES;
				CLANG_WARN_COMMA = YES;
				CLANG_WARN_CONSTANT_CONVERSION = YES;
				CLANG_WARN_DEPRECATED_OBJC_IMPLEMENTATIONS = YES;
				CLANG_WARN_DIRECT_OBJC_ISA_USAGE = YES_ERROR;
				CLANG_WARN_DOCUMENTATION_COMMENTS = YES;
				CLANG_WARN_EMPTY_BODY = YES;
				CLANG_WARN_ENUM_CONVERSION = YES;
				CLANG_WARN_INFINITE_RECURSION = YES;
				CLANG_WARN_INT_CONVERSION = YES;
				CLANG_WARN_NON_LITERAL_NULL_CONVERSION = YES;
				CLANG_WARN_OBJC_IMPLICIT_RETAIN_SELF = YES;
				CLANG_WARN_OBJC_LITERAL_CONVERSION = YES;
				CLANG_WARN_OBJC_ROOT_CLASS = YES_ERROR;
				CLANG_WARN_QUOTED_INCLUDE_IN_FRAMEWORK_HEADER = YES;
				CLANG_WARN_RANGE_LOOP_ANALYSIS = YES;
				CLANG_WARN_STRICT_PROTOTYPES = YES;
				CLANG_WARN_SUSPICIOUS_MOVE = YES;
				CLANG_WARN_UNGUARDED_AVAILABILITY = YES_AGGRESSIVE;
				CLANG_WARN_UNREACHABLE_CODE = YES;
				CLANG_WARN__DUPLICATE_METHOD_MATCH = YES;
				COPY_PHASE_STRIP = NO;
				DEBUG_INFORMATION_FORMAT = "dwarf-with-dsym";
				ENABLE_NS_ASSERTIONS = NO;
				ENABLE_STRICT_OBJC_MSGSEND = YES;
				GCC_C_LANGUAGE_STANDARD = gnu11;
				GCC_NO_COMMON_BLOCKS = YES;
				GCC_WARN_64_TO_32_BIT_CONVERSION = YES;
				GCC_WARN_ABOUT_RETURN_TYPE = YES_ERROR;
				GCC_WARN_UNDECLARED_SELECTOR = YES;
				GCC_WARN_UNINITIALIZED_AUTOS = YES_AGGRESSIVE;
				GCC_WARN_UNUSED_FUNCTION = YES;
				GCC_WARN_UNUSED_VARIABLE = YES;
				MTL_ENABLE_DEBUG_INFO = NO;
				MTL_FAST_MATH = YES;
				SWIFT_COMPILATION_MODE = wholemodule;
				SWIFT_OPTIMIZATION_LEVEL = "-O";
			};
			name = Release;
		};
		3288CDB028B9BE98007E969D /* Debug */ = {
			isa = XCBuildConfiguration;
			buildSettings = {
				ASSETCATALOG_COMPILER_APPICON_NAME = AppIcon;
				ASSETCATALOG_COMPILER_GLOBAL_ACCENT_COLOR_NAME = AccentColor;
				CODE_SIGN_STYLE = Automatic;
				CURRENT_PROJECT_VERSION = 1;
				ENABLE_PREVIEWS = YES;
				GENERATE_INFOPLIST_FILE = YES;
				INFOPLIST_KEY_UIApplicationSceneManifest_Generation = YES;
				INFOPLIST_KEY_UIApplicationSupportsIndirectInputEvents = YES;
				INFOPLIST_KEY_UILaunchScreen_Generation = YES;
				INFOPLIST_KEY_UISupportedInterfaceOrientations_iPad = "UIInterfaceOrientationPortrait UIInterfaceOrientationPortraitUpsideDown UIInterfaceOrientationLandscapeLeft UIInterfaceOrientationLandscapeRight";
				INFOPLIST_KEY_UISupportedInterfaceOrientations_iPhone = "UIInterfaceOrientationPortrait UIInterfaceOrientationLandscapeLeft UIInterfaceOrientationLandscapeRight";
				IPHONEOS_DEPLOYMENT_TARGET = 15.5;
				LD_RUNPATH_SEARCH_PATHS = (
					"$(inherited)",
					"@executable_path/Frameworks",
				);
				MARKETING_VERSION = 1.0;
				PRODUCT_BUNDLE_IDENTIFIER = "techArticles.techArticles-iOS";
				PRODUCT_NAME = "techArticles-iOS";
				SDKROOT = iphoneos;
				SWIFT_EMIT_LOC_STRINGS = YES;
				SWIFT_VERSION = 5.0;
				TARGETED_DEVICE_FAMILY = "1,2";
			};
			name = Debug;
		};
		3288CDB128B9BE98007E969D /* Release */ = {
			isa = XCBuildConfiguration;
			buildSettings = {
				ASSETCATALOG_COMPILER_APPICON_NAME = AppIcon;
				ASSETCATALOG_COMPILER_GLOBAL_ACCENT_COLOR_NAME = AccentColor;
				CODE_SIGN_STYLE = Automatic;
				CURRENT_PROJECT_VERSION = 1;
				ENABLE_PREVIEWS = YES;
				GENERATE_INFOPLIST_FILE = YES;
				INFOPLIST_KEY_UIApplicationSceneManifest_Generation = YES;
				INFOPLIST_KEY_UIApplicationSupportsIndirectInputEvents = YES;
				INFOPLIST_KEY_UILaunchScreen_Generation = YES;
				INFOPLIST_KEY_UISupportedInterfaceOrientations_iPad = "UIInterfaceOrientationPortrait UIInterfaceOrientationPortraitUpsideDown UIInterfaceOrientationLandscapeLeft UIInterfaceOrientationLandscapeRight";
				INFOPLIST_KEY_UISupportedInterfaceOrientations_iPhone = "UIInterfaceOrientationPortrait UIInterfaceOrientationLandscapeLeft UIInterfaceOrientationLandscapeRight";
				IPHONEOS_DEPLOYMENT_TARGET = 15.5;
				LD_RUNPATH_SEARCH_PATHS = (
					"$(inherited)",
					"@executable_path/Frameworks",
				);
				MARKETING_VERSION = 1.0;
				PRODUCT_BUNDLE_IDENTIFIER = "techArticles.techArticles-iOS";
				PRODUCT_NAME = "techArticles-iOS";
				SDKROOT = iphoneos;
				SWIFT_EMIT_LOC_STRINGS = YES;
				SWIFT_VERSION = 5.0;
				TARGETED_DEVICE_FAMILY = "1,2";
				VALIDATE_PRODUCT = YES;
			};
			name = Release;
		};
		3288CDB328B9BE98007E969D /* Debug */ = {
			isa = XCBuildConfiguration;
			buildSettings = {
				ASSETCATALOG_COMPILER_APPICON_NAME = AppIcon;
				ASSETCATALOG_COMPILER_GLOBAL_ACCENT_COLOR_NAME = AccentColor;
				CODE_SIGN_ENTITLEMENTS = macOS/macOS.entitlements;
				CODE_SIGN_STYLE = Automatic;
				COMBINE_HIDPI_IMAGES = YES;
				CURRENT_PROJECT_VERSION = 1;
				ENABLE_PREVIEWS = YES;
				GENERATE_INFOPLIST_FILE = YES;
				INFOPLIST_KEY_NSHumanReadableCopyright = "";
				LD_RUNPATH_SEARCH_PATHS = (
					"$(inherited)",
					"@executable_path/../Frameworks",
				);
				MACOSX_DEPLOYMENT_TARGET = 12.2;
				MARKETING_VERSION = 1.0;
				PRODUCT_BUNDLE_IDENTIFIER = "techArticles.techArticles-iOS";
				PRODUCT_NAME = "techArticles-iOS";
				SDKROOT = macosx;
				SWIFT_EMIT_LOC_STRINGS = YES;
				SWIFT_VERSION = 5.0;
			};
			name = Debug;
		};
		3288CDB428B9BE98007E969D /* Release */ = {
			isa = XCBuildConfiguration;
			buildSettings = {
				ASSETCATALOG_COMPILER_APPICON_NAME = AppIcon;
				ASSETCATALOG_COMPILER_GLOBAL_ACCENT_COLOR_NAME = AccentColor;
				CODE_SIGN_ENTITLEMENTS = macOS/macOS.entitlements;
				CODE_SIGN_STYLE = Automatic;
				COMBINE_HIDPI_IMAGES = YES;
				CURRENT_PROJECT_VERSION = 1;
				ENABLE_PREVIEWS = YES;
				GENERATE_INFOPLIST_FILE = YES;
				INFOPLIST_KEY_NSHumanReadableCopyright = "";
				LD_RUNPATH_SEARCH_PATHS = (
					"$(inherited)",
					"@executable_path/../Frameworks",
				);
				MACOSX_DEPLOYMENT_TARGET = 12.2;
				MARKETING_VERSION = 1.0;
				PRODUCT_BUNDLE_IDENTIFIER = "techArticles.techArticles-iOS";
				PRODUCT_NAME = "techArticles-iOS";
				SDKROOT = macosx;
				SWIFT_EMIT_LOC_STRINGS = YES;
				SWIFT_VERSION = 5.0;
			};
			name = Release;
		};
		3288CDB628B9BE98007E969D /* Debug */ = {
			isa = XCBuildConfiguration;
			buildSettings = {
				ALWAYS_EMBED_SWIFT_STANDARD_LIBRARIES = YES;
				CODE_SIGN_STYLE = Automatic;
				CURRENT_PROJECT_VERSION = 1;
				GENERATE_INFOPLIST_FILE = YES;
				IPHONEOS_DEPLOYMENT_TARGET = 15.5;
				MARKETING_VERSION = 1.0;
				PRODUCT_BUNDLE_IDENTIFIER = "techArticles.Tests-iOS";
				PRODUCT_NAME = "$(TARGET_NAME)";
				SDKROOT = iphoneos;
				SWIFT_EMIT_LOC_STRINGS = NO;
				SWIFT_VERSION = 5.0;
				TARGETED_DEVICE_FAMILY = "1,2";
				TEST_TARGET_NAME = "techArticles-iOS (iOS)";
			};
			name = Debug;
		};
		3288CDB728B9BE98007E969D /* Release */ = {
			isa = XCBuildConfiguration;
			buildSettings = {
				ALWAYS_EMBED_SWIFT_STANDARD_LIBRARIES = YES;
				CODE_SIGN_STYLE = Automatic;
				CURRENT_PROJECT_VERSION = 1;
				GENERATE_INFOPLIST_FILE = YES;
				IPHONEOS_DEPLOYMENT_TARGET = 15.5;
				MARKETING_VERSION = 1.0;
				PRODUCT_BUNDLE_IDENTIFIER = "techArticles.Tests-iOS";
				PRODUCT_NAME = "$(TARGET_NAME)";
				SDKROOT = iphoneos;
				SWIFT_EMIT_LOC_STRINGS = NO;
				SWIFT_VERSION = 5.0;
				TARGETED_DEVICE_FAMILY = "1,2";
				TEST_TARGET_NAME = "techArticles-iOS (iOS)";
				VALIDATE_PRODUCT = YES;
			};
			name = Release;
		};
		3288CDB928B9BE98007E969D /* Debug */ = {
			isa = XCBuildConfiguration;
			buildSettings = {
				ALWAYS_EMBED_SWIFT_STANDARD_LIBRARIES = YES;
				CODE_SIGN_STYLE = Automatic;
				CURRENT_PROJECT_VERSION = 1;
				GENERATE_INFOPLIST_FILE = YES;
				MACOSX_DEPLOYMENT_TARGET = 12.2;
				MARKETING_VERSION = 1.0;
				PRODUCT_BUNDLE_IDENTIFIER = "techArticles.Tests-macOS";
				PRODUCT_NAME = "$(TARGET_NAME)";
				SDKROOT = macosx;
				SWIFT_EMIT_LOC_STRINGS = NO;
				SWIFT_VERSION = 5.0;
				TEST_TARGET_NAME = "techArticles-iOS (macOS)";
			};
			name = Debug;
		};
		3288CDBA28B9BE98007E969D /* Release */ = {
			isa = XCBuildConfiguration;
			buildSettings = {
				ALWAYS_EMBED_SWIFT_STANDARD_LIBRARIES = YES;
				CODE_SIGN_STYLE = Automatic;
				CURRENT_PROJECT_VERSION = 1;
				GENERATE_INFOPLIST_FILE = YES;
				MACOSX_DEPLOYMENT_TARGET = 12.2;
				MARKETING_VERSION = 1.0;
				PRODUCT_BUNDLE_IDENTIFIER = "techArticles.Tests-macOS";
				PRODUCT_NAME = "$(TARGET_NAME)";
				SDKROOT = macosx;
				SWIFT_EMIT_LOC_STRINGS = NO;
				SWIFT_VERSION = 5.0;
				TEST_TARGET_NAME = "techArticles-iOS (macOS)";
			};
			name = Release;
		};
/* End XCBuildConfiguration section */

/* Begin XCConfigurationList section */
		3288CD7D28B9BE94007E969D /* Build configuration list for PBXProject "techArticles-iOS" */ = {
			isa = XCConfigurationList;
			buildConfigurations = (
				3288CDAD28B9BE98007E969D /* Debug */,
				3288CDAE28B9BE98007E969D /* Release */,
			);
			defaultConfigurationIsVisible = 0;
			defaultConfigurationName = Release;
		};
		3288CDAF28B9BE98007E969D /* Build configuration list for PBXNativeTarget "techArticles-iOS (iOS)" */ = {
			isa = XCConfigurationList;
			buildConfigurations = (
				3288CDB028B9BE98007E969D /* Debug */,
				3288CDB128B9BE98007E969D /* Release */,
			);
			defaultConfigurationIsVisible = 0;
			defaultConfigurationName = Release;
		};
		3288CDB228B9BE98007E969D /* Build configuration list for PBXNativeTarget "techArticles-iOS (macOS)" */ = {
			isa = XCConfigurationList;
			buildConfigurations = (
				3288CDB328B9BE98007E969D /* Debug */,
				3288CDB428B9BE98007E969D /* Release */,
			);
			defaultConfigurationIsVisible = 0;
			defaultConfigurationName = Release;
		};
		3288CDB528B9BE98007E969D /* Build configuration list for PBXNativeTarget "Tests iOS" */ = {
			isa = XCConfigurationList;
			buildConfigurations = (
				3288CDB628B9BE98007E969D /* Debug */,
				3288CDB728B9BE98007E969D /* Release */,
			);
			defaultConfigurationIsVisible = 0;
			defaultConfigurationName = Release;
		};
		3288CDB828B9BE98007E969D /* Build configuration list for PBXNativeTarget "Tests macOS" */ = {
			isa = XCConfigurationList;
			buildConfigurations = (
				3288CDB928B9BE98007E969D /* Debug */,
				3288CDBA28B9BE98007E969D /* Release */,
			);
			defaultConfigurationIsVisible = 0;
			defaultConfigurationName = Release;
		};
/* End XCConfigurationList section */
	};
	rootObject = 3288CD7A28B9BE94007E969D /* Project object */;
}
